<?xml version="1.0" encoding="UTF-8" standalone="yes" ?>
<CodeBlocks_project_file>
	<FileVersion major="1" minor="6" />
	<Project>
		<Option title="Plane" />
		<Option pch_mode="2" />
		<Option compiler="sfml" />
		<Build>
			<Target title="Debug">
				<Option output="bin/Debug/Plane" prefix_auto="1" extension_auto="1" />
				<Option object_output="obj/Debug/" />
				<Option type="1" />
				<Option compiler="sfml" />
				<Compiler>
					<Add option="-g" />
					<Add directory="include" />
				</Compiler>
			</Target>
			<Target title="Release">
				<Option output="bin/Release/Plane" prefix_auto="1" extension_auto="1" />
				<Option object_output="obj/Release/" />
				<Option type="1" />
				<Option compiler="sfml" />
				<Compiler>
					<Add option="-O2" />
					<Add directory="include" />
				</Compiler>
				<Linker>
					<Add option="-s" />
				</Linker>
			</Target>
		</Build>
		<Compiler>
			<Add option="-Wall" />
		</Compiler>
		<Unit filename="include/EnemyGun.h" />
		<Unit filename="include/EnemyPlane.h" />
		<Unit filename="include/LifeText.h" />
		<Unit filename="include/MyGun.h" />
		<Unit filename="include/MyPlane.h" />
		<Unit filename="include/ResLoader.h" />
		<Unit filename="include/ScoreText.h" />
		<Unit filename="include/TextureLoader.h" />
		<Unit filename="main.cpp" />
		<Unit filename="src/Enemy.cpp" />
		<Unit filename="src/EnemyGun.cpp" />
		<Unit filename="src/EnemyPlane.cpp" />
		<Unit filename="src/LifeText.cpp" />
		<Unit filename="src/MyGun.cpp" />
		<Unit filename="src/MyPlane.cpp" />
		<Unit filename="src/ResLoader.cpp" />
		<Unit filename="src/ScoreText.cpp" />
		<Unit filename="src/TextureLoader.cpp" />
		<Extensions>
			<code_completion />
			<envvars />
			<debugger />
			<lib_finder disable_auto="1" />
		</Extensions>
	</Project>
</CodeBlocks_project_file>
